
Microsoft Visual Studio Solution File, Format Version 12.00
# Visual Studio 15
VisualStudioVersion = 15.0.26228.4
MinimumVisualStudioVersion = 10.0.40219.1
Project("{FAE04EC0-301F-11D3-BF4B-00C04F79EFBC}") = "MyApp.Web", "MyApp.Web\MyApp.Web.csproj", "{9C5F9343-B185-4374-95FA-B01D003141CA}"
EndProject
Project("{FAE04EC0-301F-11D3-BF4B-00C04F79EFBC}") = "MyApp.Domain", "MyApp.Domain\MyApp.Domain.csproj", "{CC833302-752C-42B5-952D-C03DC7A40AF0}"
EndProject
Project("{FAE04EC0-301F-11D3-BF4B-00C04F79EFBC}") = "MyApp.Domain.Core", "MyApp.Domain.Core\MyApp.Domain.Core.csproj", "{73E906C0-577E-4EE7-88F8-C122C4829F11}"
EndProject
Project("{FAE04EC0-301F-11D3-BF4B-00C04F79EFBC}") = "MyApp.Application", "MyApp.Application\MyApp.Application.csproj", "{97B9F532-B93D-4F11-8B4D-395B27223968}"
EndProject
Project("{FAE04EC0-301F-11D3-BF4B-00C04F79EFBC}") = "MyApp.Infrastructure.Data", "MyApp.Infrastructure.Data\MyApp.Infrastructure.Data.csproj", "{88192903-D5F5-4B5A-86DB-562A939CB330}"
EndProject
Project("{00D1A9C2-B5F0-4AF3-8072-F6C62B433612}") = "MyApp.Database", "MyApp.Database\MyApp.Database.sqlproj", "{C1342391-85AB-400B-8949-261870903EA1}"
EndProject
Project("{FAE04EC0-301F-11D3-BF4B-00C04F79EFBC}") = "MyApp.Infrastructure.IoC", "MyApp.Infrastructure.IoC\MyApp.Infrastructure.IoC.csproj", "{24312B12-CFA6-4FF6-8926-C20F5E2D3314}"
EndProject
Global
	GlobalSection(SolutionConfigurationPlatforms) = preSolution
		Debug|Any CPU = Debug|Any CPU
		Release|Any CPU = Release|Any CPU
	EndGlobalSection
	GlobalSection(ProjectConfigurationPlatforms) = postSolution
		{9C5F9343-B185-4374-95FA-B01D003141CA}.Debug|Any CPU.ActiveCfg = Debug|Any CPU
		{9C5F9343-B185-4374-95FA-B01D003141CA}.Debug|Any CPU.Build.0 = Debug|Any CPU
		{9C5F9343-B185-4374-95FA-B01D003141CA}.Release|Any CPU.ActiveCfg = Release|Any CPU
		{9C5F9343-B185-4374-95FA-B01D003141CA}.Release|Any CPU.Build.0 = Release|Any CPU
		{CC833302-752C-42B5-952D-C03DC7A40AF0}.Debug|Any CPU.ActiveCfg = Debug|Any CPU
		{CC833302-752C-42B5-952D-C03DC7A40AF0}.Debug|Any CPU.Build.0 = Debug|Any CPU
		{CC833302-752C-42B5-952D-C03DC7A40AF0}.Release|Any CPU.ActiveCfg = Release|Any CPU
		{CC833302-752C-42B5-952D-C03DC7A40AF0}.Release|Any CPU.Build.0 = Release|Any CPU
		{73E906C0-577E-4EE7-88F8-C122C4829F11}.Debug|Any CPU.ActiveCfg = Debug|Any CPU
		{73E906C0-577E-4EE7-88F8-C122C4829F11}.Debug|Any CPU.Build.0 = Debug|Any CPU
		{73E906C0-577E-4EE7-88F8-C122C4829F11}.Release|Any CPU.ActiveCfg = Release|Any CPU
		{73E906C0-577E-4EE7-88F8-C122C4829F11}.Release|Any CPU.Build.0 = Release|Any CPU
		{97B9F532-B93D-4F11-8B4D-395B27223968}.Debug|Any CPU.ActiveCfg = Debug|Any CPU
		{97B9F532-B93D-4F11-8B4D-395B27223968}.Debug|Any CPU.Build.0 = Debug|Any CPU
		{97B9F532-B93D-4F11-8B4D-395B27223968}.Release|Any CPU.ActiveCfg = Release|Any CPU
		{97B9F532-B93D-4F11-8B4D-395B27223968}.Release|Any CPU.Build.0 = Release|Any CPU
		{88192903-D5F5-4B5A-86DB-562A939CB330}.Debug|Any CPU.ActiveCfg = Debug|Any CPU
		{88192903-D5F5-4B5A-86DB-562A939CB330}.Debug|Any CPU.Build.0 = Debug|Any CPU
		{88192903-D5F5-4B5A-86DB-562A939CB330}.Release|Any CPU.ActiveCfg = Release|Any CPU
		{88192903-D5F5-4B5A-86DB-562A939CB330}.Release|Any CPU.Build.0 = Release|Any CPU
		{C1342391-85AB-400B-8949-261870903EA1}.Debug|Any CPU.ActiveCfg = Debug|Any CPU
		{C1342391-85AB-400B-8949-261870903EA1}.Debug|Any CPU.Build.0 = Debug|Any CPU
		{C1342391-85AB-400B-8949-261870903EA1}.Debug|Any CPU.Deploy.0 = Debug|Any CPU
		{C1342391-85AB-400B-8949-261870903EA1}.Release|Any CPU.ActiveCfg = Release|Any CPU
		{C1342391-85AB-400B-8949-261870903EA1}.Release|Any CPU.Build.0 = Release|Any CPU
		{C1342391-85AB-400B-8949-261870903EA1}.Release|Any CPU.Deploy.0 = Release|Any CPU
		{24312B12-CFA6-4FF6-8926-C20F5E2D3314}.Debug|Any CPU.ActiveCfg = Debug|Any CPU
		{24312B12-CFA6-4FF6-8926-C20F5E2D3314}.Debug|Any CPU.Build.0 = Debug|Any CPU
		{24312B12-CFA6-4FF6-8926-C20F5E2D3314}.Release|Any CPU.ActiveCfg = Release|Any CPU
		{24312B12-CFA6-4FF6-8926-C20F5E2D3314}.Release|Any CPU.Build.0 = Release|Any CPU
	EndGlobalSection
	GlobalSection(SolutionProperties) = preSolution
		HideSolutionNode = FALSE
	EndGlobalSection
EndGlobal
